
Microsoft Visual Studio Solution File, Format Version 12.00
# Visual Studio 15
Project("{FAE04EC0-301F-11D3-BF4B-00C04F79EFBC}") = "clickergame2", "Assembly-CSharp.csproj", "{8DF45E7A-B5CB-4324-ACFF-9252044A9879}"
EndProject
Project("{FAE04EC0-301F-11D3-BF4B-00C04F79EFBC}") = "clickergame2", "Assembly-CSharp-Editor.csproj", "{DF582507-BC18-E668-EFD8-2E89C1583383}"
EndProject
Global
	GlobalSection(SolutionConfigurationPlatforms) = preSolution
		Debug|Any CPU = Debug|Any CPU
		Release|Any CPU = Release|Any CPU
	EndGlobalSection
	GlobalSection(ProjectConfigurationPlatforms) = postSolution
		{8DF45E7A-B5CB-4324-ACFF-9252044A9879}.Debug|Any CPU.ActiveCfg = Debug|Any CPU
		{8DF45E7A-B5CB-4324-ACFF-9252044A9879}.Debug|Any CPU.Build.0 = Debug|Any CPU
		{8DF45E7A-B5CB-4324-ACFF-9252044A9879}.Release|Any CPU.ActiveCfg = Release|Any CPU
		{8DF45E7A-B5CB-4324-ACFF-9252044A9879}.Release|Any CPU.Build.0 = Release|Any CPU
		{DF582507-BC18-E668-EFD8-2E89C1583383}.Debug|Any CPU.ActiveCfg = Debug|Any CPU
		{DF582507-BC18-E668-EFD8-2E89C1583383}.Debug|Any CPU.Build.0 = Debug|Any CPU
		{DF582507-BC18-E668-EFD8-2E89C1583383}.Release|Any CPU.ActiveCfg = Release|Any CPU
		{DF582507-BC18-E668-EFD8-2E89C1583383}.Release|Any CPU.Build.0 = Release|Any CPU
	EndGlobalSection
	GlobalSection(SolutionProperties) = preSolution
		HideSolutionNode = FALSE
	EndGlobalSection
EndGlobal
